# Generated by pub
# See http://pub.dartlang.org/doc/glossary.html#lockfile
packages:
  args:
    description: args
    source: hosted
    version: "0.10.0+1"
  bot:
    description: bot
    source: hosted
    version: "0.26.0"
  bot_io:
    description: bot_io
    source: hosted
    version: "0.25.1+1"
  browser:
    description: browser
    source: hosted
    version: "0.9.1"
  bson:
    description: bson
    source: hosted
    version: "0.1.15"
  clean_ajax:
    description: clean_ajax
    source: hosted
    version: "0.4.3"
  clean_backend:
    description: clean_backend
    source: hosted
    version: "0.1.0"
  clean_data:
    description: clean_data
    source: hosted
    version: "0.3.2"
  clean_router:
    description: clean_router
    source: hosted
    version: "0.1.5"
  collection:
    description: collection
    source: hosted
    version: "0.9.1"
  crypto:
    description: crypto
    source: hosted
    version: "0.9.0"
  hop:
    description: hop
    source: hosted
    version: "0.28.3"
  html5lib:
    description: html5lib
    source: hosted
    version: "0.9.1"
  http_server:
    description: http_server
    source: hosted
    version: "0.9.1"
  logging:
    description: logging
    source: hosted
    version: "0.9.1+1"
  mime:
    description: mime
    source: hosted
    version: "0.9.0"
  mongo_dart:
    description: mongo_dart
    source: hosted
    version: "0.1.36"
  mongo_dart_query:
    description: mongo_dart_query
    source: hosted
    version: "0.1.11"
  path:
    description: path
    source: hosted
    version: "0.9.0"
  source_maps:
    description: source_maps
    source: hosted
    version: "0.9.0"
  stack_trace:
    description: stack_trace
    source: hosted
    version: "0.9.0"
  unittest:
    description: unittest
    source: hosted
    version: "0.9.3"
  utf:
    description: utf
    source: hosted
    version: "0.9.0"
